
Microsoft Visual Studio Solution File, Format Version 12.00
# Visual Studio Version 17
VisualStudioVersion = 17.5.002.0
MinimumVisualStudioVersion = 10.0.40219.1
Project("{9A19103F-16F7-4668-BE54-9A1E7A4F7556}") = "FloorsTeklaAPI", "FloorsTeklaAPI.csproj", "{7417716F-77B6-4BA3-88BE-4DC1AF649708}"
EndProject
Global
	GlobalSection(SolutionConfigurationPlatforms) = preSolution
		Debug|Any CPU = Debug|Any CPU
		Release|Any CPU = Release|Any CPU
	EndGlobalSection
	GlobalSection(ProjectConfigurationPlatforms) = postSolution
		{7417716F-77B6-4BA3-88BE-4DC1AF649708}.Debug|Any CPU.ActiveCfg = Debug|Any CPU
		{7417716F-77B6-4BA3-88BE-4DC1AF649708}.Debug|Any CPU.Build.0 = Debug|Any CPU
		{7417716F-77B6-4BA3-88BE-4DC1AF649708}.Release|Any CPU.ActiveCfg = Release|Any CPU
		{7417716F-77B6-4BA3-88BE-4DC1AF649708}.Release|Any CPU.Build.0 = Release|Any CPU
	EndGlobalSection
	GlobalSection(SolutionProperties) = preSolution
		HideSolutionNode = FALSE
	EndGlobalSection
	GlobalSection(ExtensibilityGlobals) = postSolution
		SolutionGuid = {9DD33A65-6C76-42FB-9DDA-FBE2DFE77BDC}
	EndGlobalSection
EndGlobal
